// !$*UTF8*$!
{
	archiveVersion = 1;
	classes = {
	};
	objectVersion = 46;
	objects = {

/* Begin PBXBuildFile section */
		554A5A9C1DE6F04A00699129 /* main.cpp in Sources */ = {isa = PBXBuildFile; fileRef = 554A5A9B1DE6F04A00699129 /* main.cpp */; };
		554A5AA31DE6F32300699129 /* Position.cpp in Sources */ = {isa = PBXBuildFile; fileRef = 554A5AA21DE6F32300699129 /* Position.cpp */; };
		554A5AA91DF5592C00699129 /* Individual.cpp in Sources */ = {isa = PBXBuildFile; fileRef = 554A5AA81DF5592C00699129 /* Individual.cpp */; };
		554A5AAC1DF954F500699129 /* Character.cpp in Sources */ = {isa = PBXBuildFile; fileRef = 554A5AAB1DF954F500699129 /* Character.cpp */; };
		55FE93BE1E0421A0006A5454 /* Simulator.cpp in Sources */ = {isa = PBXBuildFile; fileRef = 55FE93BD1E0421A0006A5454 /* Simulator.cpp */; };
		55FE93C11E0BE436006A5454 /* libgtk-3.0.dylib in Frameworks */ = {isa = PBXBuildFile; fileRef = 55FE93C01E0BE436006A5454 /* libgtk-3.0.dylib */; };
/* End PBXBuildFile section */

/* Begin PBXCopyFilesBuildPhase section */
		554A5A961DE6F04A00699129 /* CopyFiles */ = {
			isa = PBXCopyFilesBuildPhase;
			buildActionMask = 2147483647;
			dstPath = /usr/share/man/man1/;
			dstSubfolderSpec = 0;
			files = (
			);
			runOnlyForDeploymentPostprocessing = 1;
		};
/* End PBXCopyFilesBuildPhase section */

/* Begin PBXFileReference section */
		554A5A981DE6F04A00699129 /* Epidemy */ = {isa = PBXFileReference; explicitFileType = "compiled.mach-o.executable"; includeInIndex = 0; path = Epidemy; sourceTree = BUILT_PRODUCTS_DIR; };
		554A5A9B1DE6F04A00699129 /* main.cpp */ = {isa = PBXFileReference; lastKnownFileType = sourcecode.cpp.cpp; path = main.cpp; sourceTree = "<group>"; };
		554A5AA21DE6F32300699129 /* Position.cpp */ = {isa = PBXFileReference; fileEncoding = 4; lastKnownFileType = sourcecode.cpp.cpp; path = Position.cpp; sourceTree = "<group>"; };
		554A5AA41DE6F34500699129 /* Position.h */ = {isa = PBXFileReference; fileEncoding = 4; lastKnownFileType = sourcecode.c.h; path = Position.h; sourceTree = "<group>"; };
		554A5AA81DF5592C00699129 /* Individual.cpp */ = {isa = PBXFileReference; fileEncoding = 4; lastKnownFileType = sourcecode.cpp.cpp; path = Individual.cpp; sourceTree = "<group>"; };
		554A5AAA1DF5593C00699129 /* Individual.h */ = {isa = PBXFileReference; fileEncoding = 4; lastKnownFileType = sourcecode.c.h; path = Individual.h; sourceTree = "<group>"; };
		554A5AAB1DF954F500699129 /* Character.cpp */ = {isa = PBXFileReference; fileEncoding = 4; lastKnownFileType = sourcecode.cpp.cpp; path = Character.cpp; sourceTree = "<group>"; };
		554A5AAD1DF9550900699129 /* Character.h */ = {isa = PBXFileReference; fileEncoding = 4; lastKnownFileType = sourcecode.c.h; path = Character.h; sourceTree = "<group>"; };
		55FE93BD1E0421A0006A5454 /* Simulator.cpp */ = {isa = PBXFileReference; fileEncoding = 4; lastKnownFileType = sourcecode.cpp.cpp; path = Simulator.cpp; sourceTree = "<group>"; };
		55FE93BF1E0421B0006A5454 /* Simulator.h */ = {isa = PBXFileReference; fileEncoding = 4; lastKnownFileType = sourcecode.c.h; path = Simulator.h; sourceTree = "<group>"; };
		55FE93C01E0BE436006A5454 /* libgtk-3.0.dylib */ = {isa = PBXFileReference; lastKnownFileType = "compiled.mach-o.dylib"; name = "libgtk-3.0.dylib"; path = "../../../../../../opt/local/lib/libgtk-3.0.dylib"; sourceTree = "<group>"; };
/* End PBXFileReference section */

/* Begin PBXFrameworksBuildPhase section */
		554A5A951DE6F04A00699129 /* Frameworks */ = {
			isa = PBXFrameworksBuildPhase;
			buildActionMask = 2147483647;
			files = (
				55FE93C11E0BE436006A5454 /* libgtk-3.0.dylib in Frameworks */,
			);
			runOnlyForDeploymentPostprocessing = 0;
		};
/* End PBXFrameworksBuildPhase section */

/* Begin PBXGroup section */
		554A5A8F1DE6F04A00699129 = {
			isa = PBXGroup;
			children = (
				55FE93C01E0BE436006A5454 /* libgtk-3.0.dylib */,
				554A5A9A1DE6F04A00699129 /* Epidemy */,
				554A5A991DE6F04A00699129 /* Products */,
			);
			sourceTree = "<group>";
		};
		554A5A991DE6F04A00699129 /* Products */ = {
			isa = PBXGroup;
			children = (
				554A5A981DE6F04A00699129 /* Epidemy */,
			);
			name = Products;
			sourceTree = "<group>";
		};
		554A5A9A1DE6F04A00699129 /* Epidemy */ = {
			isa = PBXGroup;
			children = (
				554A5A9B1DE6F04A00699129 /* main.cpp */,
				554A5AA41DE6F34500699129 /* Position.h */,
				554A5AA21DE6F32300699129 /* Position.cpp */,
				554A5AAD1DF9550900699129 /* Character.h */,
				554A5AAB1DF954F500699129 /* Character.cpp */,
				554A5AAA1DF5593C00699129 /* Individual.h */,
				554A5AA81DF5592C00699129 /* Individual.cpp */,
				55FE93BF1E0421B0006A5454 /* Simulator.h */,
				55FE93BD1E0421A0006A5454 /* Simulator.cpp */,
			);
			path = Epidemy;
			sourceTree = "<group>";
		};
/* End PBXGroup section */

/* Begin PBXNativeTarget section */
		554A5A971DE6F04A00699129 /* Epidemy */ = {
			isa = PBXNativeTarget;
			buildConfigurationList = 554A5A9F1DE6F04A00699129 /* Build configuration list for PBXNativeTarget "Epidemy" */;
			buildPhases = (
				554A5A941DE6F04A00699129 /* Sources */,
				554A5A951DE6F04A00699129 /* Frameworks */,
				554A5A961DE6F04A00699129 /* CopyFiles */,
			);
			buildRules = (
			);
			dependencies = (
			);
			name = Epidemy;
			productName = Epidemy;
			productReference = 554A5A981DE6F04A00699129 /* Epidemy */;
			productType = "com.apple.product-type.tool";
		};
/* End PBXNativeTarget section */

/* Begin PBXProject section */
		554A5A901DE6F04A00699129 /* Project object */ = {
			isa = PBXProject;
			attributes = {
				LastUpgradeCheck = 0720;
				ORGANIZATIONNAME = "Eliott Jouhaud";
				TargetAttributes = {
					554A5A971DE6F04A00699129 = {
						CreatedOnToolsVersion = 7.2.1;
					};
				};
			};
			buildConfigurationList = 554A5A931DE6F04A00699129 /* Build configuration list for PBXProject "Epidemy" */;
			compatibilityVersion = "Xcode 3.2";
			developmentRegion = English;
			hasScannedForEncodings = 0;
			knownRegions = (
				en,
			);
			mainGroup = 554A5A8F1DE6F04A00699129;
			productRefGroup = 554A5A991DE6F04A00699129 /* Products */;
			projectDirPath = "";
			projectRoot = "";
			targets = (
				554A5A971DE6F04A00699129 /* Epidemy */,
			);
		};
/* End PBXProject section */

/* Begin PBXSourcesBuildPhase section */
		554A5A941DE6F04A00699129 /* Sources */ = {
			isa = PBXSourcesBuildPhase;
			buildActionMask = 2147483647;
			files = (
				554A5AA31DE6F32300699129 /* Position.cpp in Sources */,
				554A5A9C1DE6F04A00699129 /* main.cpp in Sources */,
				554A5AA91DF5592C00699129 /* Individual.cpp in Sources */,
				55FE93BE1E0421A0006A5454 /* Simulator.cpp in Sources */,
				554A5AAC1DF954F500699129 /* Character.cpp in Sources */,
			);
			runOnlyForDeploymentPostprocessing = 0;
		};
/* End PBXSourcesBuildPhase section */

/* Begin XCBuildConfiguration section */
		554A5A9D1DE6F04A00699129 /* Debug */ = {
			isa = XCBuildConfiguration;
			buildSettings = {
				ALWAYS_SEARCH_USER_PATHS = NO;
				CLANG_CXX_LANGUAGE_STANDARD = "gnu++0x";
				CLANG_CXX_LIBRARY = "libc++";
				CLANG_ENABLE_MODULES = YES;
				CLANG_ENABLE_OBJC_ARC = YES;
				CLANG_WARN_BOOL_CONVERSION = YES;
				CLANG_WARN_CONSTANT_CONVERSION = YES;
				CLANG_WARN_DIRECT_OBJC_ISA_USAGE = YES_ERROR;
				CLANG_WARN_EMPTY_BODY = YES;
				CLANG_WARN_ENUM_CONVERSION = YES;
				CLANG_WARN_INT_CONVERSION = YES;
				CLANG_WARN_OBJC_ROOT_CLASS = YES_ERROR;
				CLANG_WARN_UNREACHABLE_CODE = YES;
				CLANG_WARN__DUPLICATE_METHOD_MATCH = YES;
				CODE_SIGN_IDENTITY = "-";
				COPY_PHASE_STRIP = NO;
				DEBUG_INFORMATION_FORMAT = dwarf;
				ENABLE_STRICT_OBJC_MSGSEND = YES;
				ENABLE_TESTABILITY = YES;
				GCC_C_LANGUAGE_STANDARD = gnu99;
				GCC_DYNAMIC_NO_PIC = NO;
				GCC_NO_COMMON_BLOCKS = YES;
				GCC_OPTIMIZATION_LEVEL = 0;
				GCC_PREPROCESSOR_DEFINITIONS = (
					"DEBUG=1",
					"$(inherited)",
				);
				GCC_WARN_64_TO_32_BIT_CONVERSION = YES;
				GCC_WARN_ABOUT_RETURN_TYPE = YES_ERROR;
				GCC_WARN_UNDECLARED_SELECTOR = YES;
				GCC_WARN_UNINITIALIZED_AUTOS = YES_AGGRESSIVE;
				GCC_WARN_UNUSED_FUNCTION = YES;
				GCC_WARN_UNUSED_VARIABLE = YES;
				MACOSX_DEPLOYMENT_TARGET = 10.10;
				MTL_ENABLE_DEBUG_INFO = YES;
				ONLY_ACTIVE_ARCH = YES;
				SDKROOT = macosx;
			};
			name = Debug;
		};
		554A5A9E1DE6F04A00699129 /* Release */ = {
			isa = XCBuildConfiguration;
			buildSettings = {
				ALWAYS_SEARCH_USER_PATHS = NO;
				CLANG_CXX_LANGUAGE_STANDARD = "gnu++0x";
				CLANG_CXX_LIBRARY = "libc++";
				CLANG_ENABLE_MODULES = YES;
				CLANG_ENABLE_OBJC_ARC = YES;
				CLANG_WARN_BOOL_CONVERSION = YES;
				CLANG_WARN_CONSTANT_CONVERSION = YES;
				CLANG_WARN_DIRECT_OBJC_ISA_USAGE = YES_ERROR;
				CLANG_WARN_EMPTY_BODY = YES;
				CLANG_WARN_ENUM_CONVERSION = YES;
				CLANG_WARN_INT_CONVERSION = YES;
				CLANG_WARN_OBJC_ROOT_CLASS = YES_ERROR;
				CLANG_WARN_UNREACHABLE_CODE = YES;
				CLANG_WARN__DUPLICATE_METHOD_MATCH = YES;
				CODE_SIGN_IDENTITY = "-";
				COPY_PHASE_STRIP = NO;
				DEBUG_INFORMATION_FORMAT = "dwarf-with-dsym";
				ENABLE_NS_ASSERTIONS = NO;
				ENABLE_STRICT_OBJC_MSGSEND = YES;
				GCC_C_LANGUAGE_STANDARD = gnu99;
				GCC_NO_COMMON_BLOCKS = YES;
				GCC_WARN_64_TO_32_BIT_CONVERSION = YES;
				GCC_WARN_ABOUT_RETURN_TYPE = YES_ERROR;
				GCC_WARN_UNDECLARED_SELECTOR = YES;
				GCC_WARN_UNINITIALIZED_AUTOS = YES_AGGRESSIVE;
				GCC_WARN_UNUSED_FUNCTION = YES;
				GCC_WARN_UNUSED_VARIABLE = YES;
				MACOSX_DEPLOYMENT_TARGET = 10.10;
				MTL_ENABLE_DEBUG_INFO = NO;
				SDKROOT = macosx;
			};
			name = Release;
		};
		554A5AA01DE6F04A00699129 /* Debug */ = {
			isa = XCBuildConfiguration;
			buildSettings = {
				LIBRARY_SEARCH_PATHS = (
					"$(inherited)",
					/opt/local/lib,
				);
				"OTHER_CFLAGS[arch=*]" = (
					"-D_REENTRANT",
					"-I/opt/local/include/gtk-3.0",
					"-I/opt/local/include/gio-unix-2.0/",
					"-I/opt/local/include/cairo",
					"-I/opt/local/include",
					"-I/opt/local/include/pango-1.0",
					"-I/opt/local/include/harfbuzz",
					"-I/opt/local/include",
					"-I/opt/local/include/pango-1.0",
					"-I/opt/local/include/atk-1.0",
					"-I/opt/local/include/cairo",
					"-I/opt/local/include/pixman-1",
					"-I/opt/local/include",
					"-I/opt/local/include/freetype2",
					"-I/opt/local/include",
					"-I/opt/local/include/freetype2",
					"-I/opt/local/include/libpng16",
					"-I/opt/local/include",
					"-I/opt/local/include/gdk-pixbuf-2.0",
					"-I/opt/local/include/libpng16",
					"-I/opt/local/include/glib-2.0",
					"-I/opt/local/lib/glib-2.0/include",
					"-I/opt/local/include",
				);
				PRODUCT_NAME = "$(TARGET_NAME)";
			};
			name = Debug;
		};
		554A5AA11DE6F04A00699129 /* Release */ = {
			isa = XCBuildConfiguration;
			buildSettings = {
				LIBRARY_SEARCH_PATHS = (
					"$(inherited)",
					/opt/local/lib,
				);
				"OTHER_CFLAGS[arch=*]" = (
					"-D_REENTRANT",
					"-I/opt/local/include/gtk-3.0",
					"-I/opt/local/include/gio-unix-2.0/",
					"-I/opt/local/include/cairo",
					"-I/opt/local/include",
					"-I/opt/local/include/pango-1.0",
					"-I/opt/local/include/harfbuzz",
					"-I/opt/local/include",
					"-I/opt/local/include/pango-1.0",
					"-I/opt/local/include/atk-1.0",
					"-I/opt/local/include/cairo",
					"-I/opt/local/include/pixman-1",
					"-I/opt/local/include",
					"-I/opt/local/include/freetype2",
					"-I/opt/local/include",
					"-I/opt/local/include/freetype2",
					"-I/opt/local/include/libpng16",
					"-I/opt/local/include",
					"-I/opt/local/include/gdk-pixbuf-2.0",
					"-I/opt/local/include/libpng16",
					"-I/opt/local/include/glib-2.0",
					"-I/opt/local/lib/glib-2.0/include",
					"-I/opt/local/include",
				);
				PRODUCT_NAME = "$(TARGET_NAME)";
			};
			name = Release;
		};
/* End XCBuildConfiguration section */

/* Begin XCConfigurationList section */
		554A5A931DE6F04A00699129 /* Build configuration list for PBXProject "Epidemy" */ = {
			isa = XCConfigurationList;
			buildConfigurations = (
				554A5A9D1DE6F04A00699129 /* Debug */,
				554A5A9E1DE6F04A00699129 /* Release */,
			);
			defaultConfigurationIsVisible = 0;
			defaultConfigurationName = Release;
		};
		554A5A9F1DE6F04A00699129 /* Build configuration list for PBXNativeTarget "Epidemy" */ = {
			isa = XCConfigurationList;
			buildConfigurations = (
				554A5AA01DE6F04A00699129 /* Debug */,
				554A5AA11DE6F04A00699129 /* Release */,
			);
			defaultConfigurationIsVisible = 0;
			defaultConfigurationName = Release;
		};
/* End XCConfigurationList section */
	};
	rootObject = 554A5A901DE6F04A00699129 /* Project object */;
}
